
Microsoft Visual Studio Solution File, Format Version 12.00
# Visual Studio Version 17
VisualStudioVersion = 17.14.36408.4 d17.14
MinimumVisualStudioVersion = 10.0.40219.1
Project("{FAE04EC0-301F-11D3-BF4B-00C04F79EFBC}") = "Recipe-App-MVC-CodeFirst", "Recipe-App-MVC-CodeFirst.csproj", "{967226DE-5471-4B77-A014-EA9A89E9E072}"
EndProject
Global
	GlobalSection(SolutionConfigurationPlatforms) = preSolution
		Debug|Any CPU = Debug|Any CPU
		Release|Any CPU = Release|Any CPU
	EndGlobalSection
	GlobalSection(ProjectConfigurationPlatforms) = postSolution
		{967226DE-5471-4B77-A014-EA9A89E9E072}.Debug|Any CPU.ActiveCfg = Debug|Any CPU
		{967226DE-5471-4B77-A014-EA9A89E9E072}.Debug|Any CPU.Build.0 = Debug|Any CPU
		{967226DE-5471-4B77-A014-EA9A89E9E072}.Release|Any CPU.ActiveCfg = Release|Any CPU
		{967226DE-5471-4B77-A014-EA9A89E9E072}.Release|Any CPU.Build.0 = Release|Any CPU
	EndGlobalSection
	GlobalSection(SolutionProperties) = preSolution
		HideSolutionNode = FALSE
	EndGlobalSection
	GlobalSection(ExtensibilityGlobals) = postSolution
		SolutionGuid = {A4B57169-19E1-42A2-98B5-10BC0CDA5EF3}
	EndGlobalSection
EndGlobal
